
Microsoft Visual Studio Solution File, Format Version 12.00
# Visual Studio 14
VisualStudioVersion = 14.0.25420.1
MinimumVisualStudioVersion = 10.0.40219.1
Project("{FAE04EC0-301F-11D3-BF4B-00C04F79EFBC}") = "Deconvolvulator", "Deconvolvulator.csproj", "{33800894-EDF4-4A2E-BDF5-9F98696DE51D}"
EndProject
Global
	GlobalSection(SolutionConfigurationPlatforms) = preSolution
		Debug|Any CPU = Debug|Any CPU
		Release|Any CPU = Release|Any CPU
	EndGlobalSection
	GlobalSection(ProjectConfigurationPlatforms) = postSolution
		{33800894-EDF4-4A2E-BDF5-9F98696DE51D}.Debug|Any CPU.ActiveCfg = Debug|x86
		{33800894-EDF4-4A2E-BDF5-9F98696DE51D}.Debug|Any CPU.Build.0 = Debug|x86
		{33800894-EDF4-4A2E-BDF5-9F98696DE51D}.Release|Any CPU.ActiveCfg = Release|x86
		{33800894-EDF4-4A2E-BDF5-9F98696DE51D}.Release|Any CPU.Build.0 = Release|x86
		{6A2C53A0-B37C-4A8F-9B16-8544BD5D3C60}.Debug|Any CPU.ActiveCfg = Debug|x86
		{6A2C53A0-B37C-4A8F-9B16-8544BD5D3C60}.Debug|Any CPU.Build.0 = Debug|x86
		{6A2C53A0-B37C-4A8F-9B16-8544BD5D3C60}.Release|Any CPU.ActiveCfg = Release|x86
		{6A2C53A0-B37C-4A8F-9B16-8544BD5D3C60}.Release|Any CPU.Build.0 = Release|x86
	EndGlobalSection
	GlobalSection(SolutionProperties) = preSolution
		HideSolutionNode = FALSE
	EndGlobalSection
EndGlobal
